
Microsoft Visual Studio Solution File, Format Version 12.00
# Visual Studio 15
VisualStudioVersion = 15.0.28307.1433
MinimumVisualStudioVersion = 10.0.40219.1
Project("{FAE04EC0-301F-11D3-BF4B-00C04F79EFBC}") = "ConsoleApp2", "ConsoleApp2\ConsoleApp2.csproj", "{968E5C50-AB25-4F8B-854B-680D4A52540C}"
EndProject
Global
	GlobalSection(SolutionConfigurationPlatforms) = preSolution
		Debug|Any CPU = Debug|Any CPU
		Release|Any CPU = Release|Any CPU
	EndGlobalSection
	GlobalSection(ProjectConfigurationPlatforms) = postSolution
		{968E5C50-AB25-4F8B-854B-680D4A52540C}.Debug|Any CPU.ActiveCfg = Debug|Any CPU
		{968E5C50-AB25-4F8B-854B-680D4A52540C}.Debug|Any CPU.Build.0 = Debug|Any CPU
		{968E5C50-AB25-4F8B-854B-680D4A52540C}.Release|Any CPU.ActiveCfg = Release|Any CPU
		{968E5C50-AB25-4F8B-854B-680D4A52540C}.Release|Any CPU.Build.0 = Release|Any CPU
	EndGlobalSection
	GlobalSection(SolutionProperties) = preSolution
		HideSolutionNode = FALSE
	EndGlobalSection
	GlobalSection(ExtensibilityGlobals) = postSolution
		SolutionGuid = {C5E9A6BA-9320-4206-8FFF-F5A4E24FDCC9}
	EndGlobalSection
EndGlobal
